
Microsoft Visual Studio Solution File, Format Version 12.00
# Visual Studio Version 16
VisualStudioVersion = 16.0.29009.5
MinimumVisualStudioVersion = 10.0.40219.1
Project("{FAE04EC0-301F-11D3-BF4B-00C04F79EFBC}") = "FoysalWebhook", "FoysalWebhook\FoysalWebhook.csproj", "{2C93A232-66C1-4C8F-82E3-CFCFAC59BF5A}"
EndProject
Global
	GlobalSection(SolutionConfigurationPlatforms) = preSolution
		Debug|Any CPU = Debug|Any CPU
		Release|Any CPU = Release|Any CPU
	EndGlobalSection
	GlobalSection(ProjectConfigurationPlatforms) = postSolution
		{2C93A232-66C1-4C8F-82E3-CFCFAC59BF5A}.Debug|Any CPU.ActiveCfg = Debug|Any CPU
		{2C93A232-66C1-4C8F-82E3-CFCFAC59BF5A}.Debug|Any CPU.Build.0 = Debug|Any CPU
		{2C93A232-66C1-4C8F-82E3-CFCFAC59BF5A}.Release|Any CPU.ActiveCfg = Release|Any CPU
		{2C93A232-66C1-4C8F-82E3-CFCFAC59BF5A}.Release|Any CPU.Build.0 = Release|Any CPU
	EndGlobalSection
	GlobalSection(SolutionProperties) = preSolution
		HideSolutionNode = FALSE
	EndGlobalSection
	GlobalSection(ExtensibilityGlobals) = postSolution
		SolutionGuid = {1E096259-90A2-42F7-838E-A27B23DC4191}
	EndGlobalSection
EndGlobal
